
Microsoft Visual Studio Solution File, Format Version 12.00
# Visual Studio Version 17
VisualStudioVersion = 17.9.34902.65
MinimumVisualStudioVersion = 10.0.40219.1
Project("{FAE04EC0-301F-11D3-BF4B-00C04F79EFBC}") = "DepRem.App", "DepRem.App\DepRem.App.csproj", "{4EBACD84-A417-4029-94A3-4A12609C8B29}"
EndProject
Global
	GlobalSection(SolutionConfigurationPlatforms) = preSolution
		Debug|Any CPU = Debug|Any CPU
		Release|Any CPU = Release|Any CPU
	EndGlobalSection
	GlobalSection(ProjectConfigurationPlatforms) = postSolution
		{4EBACD84-A417-4029-94A3-4A12609C8B29}.Debug|Any CPU.ActiveCfg = Debug|Any CPU
		{4EBACD84-A417-4029-94A3-4A12609C8B29}.Debug|Any CPU.Build.0 = Debug|Any CPU
		{4EBACD84-A417-4029-94A3-4A12609C8B29}.Release|Any CPU.ActiveCfg = Release|Any CPU
		{4EBACD84-A417-4029-94A3-4A12609C8B29}.Release|Any CPU.Build.0 = Release|Any CPU
	EndGlobalSection
	GlobalSection(SolutionProperties) = preSolution
		HideSolutionNode = FALSE
	EndGlobalSection
	GlobalSection(ExtensibilityGlobals) = postSolution
		SolutionGuid = {1B45161F-92F5-433E-9DE8-34BC6768F16B}
	EndGlobalSection
EndGlobal
